
Microsoft Visual Studio Solution File, Format Version 12.00
# Visual Studio Version 16
VisualStudioVersion = 16.0.29519.87
MinimumVisualStudioVersion = 10.0.40219.1
Project("{8BC9CEB8-8B4A-11D0-8D11-00A0C91BC942}") = "Blechberechnung", "Blechberechnung\Blechberechnung.vcxproj", "{19C4D3A9-1DE2-4978-B974-46059AC73875}"
EndProject
Global
	GlobalSection(SolutionConfigurationPlatforms) = preSolution
		Debug|x64 = Debug|x64
		Debug|x86 = Debug|x86
		Release|x64 = Release|x64
		Release|x86 = Release|x86
	EndGlobalSection
	GlobalSection(ProjectConfigurationPlatforms) = postSolution
		{19C4D3A9-1DE2-4978-B974-46059AC73875}.Debug|x64.ActiveCfg = Debug|x64
		{19C4D3A9-1DE2-4978-B974-46059AC73875}.Debug|x64.Build.0 = Debug|x64
		{19C4D3A9-1DE2-4978-B974-46059AC73875}.Debug|x86.ActiveCfg = Debug|Win32
		{19C4D3A9-1DE2-4978-B974-46059AC73875}.Debug|x86.Build.0 = Debug|Win32
		{19C4D3A9-1DE2-4978-B974-46059AC73875}.Release|x64.ActiveCfg = Release|x64
		{19C4D3A9-1DE2-4978-B974-46059AC73875}.Release|x64.Build.0 = Release|x64
		{19C4D3A9-1DE2-4978-B974-46059AC73875}.Release|x86.ActiveCfg = Release|Win32
		{19C4D3A9-1DE2-4978-B974-46059AC73875}.Release|x86.Build.0 = Release|Win32
	EndGlobalSection
	GlobalSection(SolutionProperties) = preSolution
		HideSolutionNode = FALSE
	EndGlobalSection
	GlobalSection(ExtensibilityGlobals) = postSolution
		SolutionGuid = {747C1AD7-AEC6-4E7D-9BB6-9AC80D243C91}
	EndGlobalSection
EndGlobal
